
Microsoft Visual Studio Solution File, Format Version 12.00
# Visual Studio Version 16
VisualStudioVersion = 16.0.30503.244
MinimumVisualStudioVersion = 10.0.40219.1
Project("{FAE04EC0-301F-11D3-BF4B-00C04F79EFBC}") = "Lab03WF", "Lab03WF\Lab03WF.csproj", "{091F6098-7464-4958-BFEB-80D03BA6EB2F}"
EndProject
Global
	GlobalSection(SolutionConfigurationPlatforms) = preSolution
		Debug|Any CPU = Debug|Any CPU
		Release|Any CPU = Release|Any CPU
	EndGlobalSection
	GlobalSection(ProjectConfigurationPlatforms) = postSolution
		{091F6098-7464-4958-BFEB-80D03BA6EB2F}.Debug|Any CPU.ActiveCfg = Debug|Any CPU
		{091F6098-7464-4958-BFEB-80D03BA6EB2F}.Debug|Any CPU.Build.0 = Debug|Any CPU
		{091F6098-7464-4958-BFEB-80D03BA6EB2F}.Release|Any CPU.ActiveCfg = Release|Any CPU
		{091F6098-7464-4958-BFEB-80D03BA6EB2F}.Release|Any CPU.Build.0 = Release|Any CPU
	EndGlobalSection
	GlobalSection(SolutionProperties) = preSolution
		HideSolutionNode = FALSE
	EndGlobalSection
	GlobalSection(ExtensibilityGlobals) = postSolution
		SolutionGuid = {4C3FDDD6-A54F-4550-AC5F-1E7D05C648FC}
	EndGlobalSection
EndGlobal
