
Microsoft Visual Studio Solution File, Format Version 12.00
# Visual Studio Version 16
VisualStudioVersion = 16.0.30503.244
MinimumVisualStudioVersion = 10.0.40219.1
Project("{FAE04EC0-301F-11D3-BF4B-00C04F79EFBC}") = "Lab04_LT_Bai12DentalPayment", "Lab04_LT_Bai12DentalPayment\Lab04_LT_Bai12DentalPayment.csproj", "{AF29F3A3-18F7-478D-BDEA-807E9BA58059}"
EndProject
Global
	GlobalSection(SolutionConfigurationPlatforms) = preSolution
		Debug|Any CPU = Debug|Any CPU
		Release|Any CPU = Release|Any CPU
	EndGlobalSection
	GlobalSection(ProjectConfigurationPlatforms) = postSolution
		{AF29F3A3-18F7-478D-BDEA-807E9BA58059}.Debug|Any CPU.ActiveCfg = Debug|Any CPU
		{AF29F3A3-18F7-478D-BDEA-807E9BA58059}.Debug|Any CPU.Build.0 = Debug|Any CPU
		{AF29F3A3-18F7-478D-BDEA-807E9BA58059}.Release|Any CPU.ActiveCfg = Release|Any CPU
		{AF29F3A3-18F7-478D-BDEA-807E9BA58059}.Release|Any CPU.Build.0 = Release|Any CPU
	EndGlobalSection
	GlobalSection(SolutionProperties) = preSolution
		HideSolutionNode = FALSE
	EndGlobalSection
	GlobalSection(ExtensibilityGlobals) = postSolution
		SolutionGuid = {A91810AA-82BA-4433-B0F2-281AE5423193}
	EndGlobalSection
EndGlobal
