
Microsoft Visual Studio Solution File, Format Version 12.00
# Visual Studio Version 16
VisualStudioVersion = 16.0.30503.244
MinimumVisualStudioVersion = 10.0.40219.1
Project("{FAE04EC0-301F-11D3-BF4B-00C04F79EFBC}") = "Lab02_LT_BookManaging", "Lab02_LT_BookManaging\Lab02_LT_BookManaging.csproj", "{2E554C3D-02A2-4C33-91C8-AB21B5917AFA}"
EndProject
Global
	GlobalSection(SolutionConfigurationPlatforms) = preSolution
		Debug|Any CPU = Debug|Any CPU
		Release|Any CPU = Release|Any CPU
	EndGlobalSection
	GlobalSection(ProjectConfigurationPlatforms) = postSolution
		{2E554C3D-02A2-4C33-91C8-AB21B5917AFA}.Debug|Any CPU.ActiveCfg = Debug|Any CPU
		{2E554C3D-02A2-4C33-91C8-AB21B5917AFA}.Debug|Any CPU.Build.0 = Debug|Any CPU
		{2E554C3D-02A2-4C33-91C8-AB21B5917AFA}.Release|Any CPU.ActiveCfg = Release|Any CPU
		{2E554C3D-02A2-4C33-91C8-AB21B5917AFA}.Release|Any CPU.Build.0 = Release|Any CPU
	EndGlobalSection
	GlobalSection(SolutionProperties) = preSolution
		HideSolutionNode = FALSE
	EndGlobalSection
	GlobalSection(ExtensibilityGlobals) = postSolution
		SolutionGuid = {6237EC8D-FC92-4DC7-9FB0-52A0D83DE173}
	EndGlobalSection
EndGlobal
