
Microsoft Visual Studio Solution File, Format Version 12.00
# Visual Studio Version 16
VisualStudioVersion = 16.0.30503.244
MinimumVisualStudioVersion = 10.0.40219.1
Project("{FAE04EC0-301F-11D3-BF4B-00C04F79EFBC}") = "CSharp_4", "CSharp_4.csproj", "{51F17F03-8EA4-454C-A08E-8F7887343052}"
EndProject
Global
	GlobalSection(SolutionConfigurationPlatforms) = preSolution
		Debug|Any CPU = Debug|Any CPU
		Release|Any CPU = Release|Any CPU
	EndGlobalSection
	GlobalSection(ProjectConfigurationPlatforms) = postSolution
		{51F17F03-8EA4-454C-A08E-8F7887343052}.Debug|Any CPU.ActiveCfg = Debug|Any CPU
		{51F17F03-8EA4-454C-A08E-8F7887343052}.Debug|Any CPU.Build.0 = Debug|Any CPU
		{51F17F03-8EA4-454C-A08E-8F7887343052}.Release|Any CPU.ActiveCfg = Release|Any CPU
		{51F17F03-8EA4-454C-A08E-8F7887343052}.Release|Any CPU.Build.0 = Release|Any CPU
	EndGlobalSection
	GlobalSection(SolutionProperties) = preSolution
		HideSolutionNode = FALSE
	EndGlobalSection
	GlobalSection(ExtensibilityGlobals) = postSolution
		SolutionGuid = {7108F52F-4B61-4126-BC2A-504255647595}
	EndGlobalSection
EndGlobal
