
Microsoft Visual Studio Solution File, Format Version 12.00
# Visual Studio Version 16
VisualStudioVersion = 16.0.30503.244
MinimumVisualStudioVersion = 10.0.40219.1
Project("{FAE04EC0-301F-11D3-BF4B-00C04F79EFBC}") = "Lab02_LT_AccountManaging", "Lab02_LT_AccountManaging\Lab02_LT_AccountManaging.csproj", "{513AFD5E-AA13-49A5-8556-91554CCA32BD}"
EndProject
Global
	GlobalSection(SolutionConfigurationPlatforms) = preSolution
		Debug|Any CPU = Debug|Any CPU
		Release|Any CPU = Release|Any CPU
	EndGlobalSection
	GlobalSection(ProjectConfigurationPlatforms) = postSolution
		{513AFD5E-AA13-49A5-8556-91554CCA32BD}.Debug|Any CPU.ActiveCfg = Debug|Any CPU
		{513AFD5E-AA13-49A5-8556-91554CCA32BD}.Debug|Any CPU.Build.0 = Debug|Any CPU
		{513AFD5E-AA13-49A5-8556-91554CCA32BD}.Release|Any CPU.ActiveCfg = Release|Any CPU
		{513AFD5E-AA13-49A5-8556-91554CCA32BD}.Release|Any CPU.Build.0 = Release|Any CPU
	EndGlobalSection
	GlobalSection(SolutionProperties) = preSolution
		HideSolutionNode = FALSE
	EndGlobalSection
	GlobalSection(ExtensibilityGlobals) = postSolution
		SolutionGuid = {64C5935A-BD6B-4572-A28B-8119CF1E4147}
	EndGlobalSection
EndGlobal
